
Microsoft Visual Studio Solution File, Format Version 12.00
# Visual Studio Version 16
VisualStudioVersion = 16.0.31105.61
MinimumVisualStudioVersion = 10.0.40219.1
Project("{FAE04EC0-301F-11D3-BF4B-00C04F79EFBC}") = "ooplaba4.2", "ooplaba4.2\ooplaba4.2.csproj", "{37A86205-6B53-426C-BE87-7C3B2BC1EAED}"
EndProject
Global
	GlobalSection(SolutionConfigurationPlatforms) = preSolution
		Debug|Any CPU = Debug|Any CPU
		Release|Any CPU = Release|Any CPU
	EndGlobalSection
	GlobalSection(ProjectConfigurationPlatforms) = postSolution
		{37A86205-6B53-426C-BE87-7C3B2BC1EAED}.Debug|Any CPU.ActiveCfg = Debug|Any CPU
		{37A86205-6B53-426C-BE87-7C3B2BC1EAED}.Debug|Any CPU.Build.0 = Debug|Any CPU
		{37A86205-6B53-426C-BE87-7C3B2BC1EAED}.Release|Any CPU.ActiveCfg = Release|Any CPU
		{37A86205-6B53-426C-BE87-7C3B2BC1EAED}.Release|Any CPU.Build.0 = Release|Any CPU
	EndGlobalSection
	GlobalSection(SolutionProperties) = preSolution
		HideSolutionNode = FALSE
	EndGlobalSection
	GlobalSection(ExtensibilityGlobals) = postSolution
		SolutionGuid = {50C7E442-27D2-447F-B4EF-60A7C701EB42}
	EndGlobalSection
EndGlobal
